
Microsoft Visual Studio Solution File, Format Version 12.00
# Visual Studio Version 16
VisualStudioVersion = 16.0.30204.135
MinimumVisualStudioVersion = 10.0.40219.1
Project("{FAE04EC0-301F-11D3-BF4B-00C04F79EFBC}") = "VoliPick", "VoliPick\VoliPick.csproj", "{54A19BA8-3165-4F9D-93A9-670E2893573C}"
EndProject
Global
	GlobalSection(SolutionConfigurationPlatforms) = preSolution
		Debug|Any CPU = Debug|Any CPU
		Release|Any CPU = Release|Any CPU
	EndGlobalSection
	GlobalSection(ProjectConfigurationPlatforms) = postSolution
		{54A19BA8-3165-4F9D-93A9-670E2893573C}.Debug|Any CPU.ActiveCfg = Debug|Any CPU
		{54A19BA8-3165-4F9D-93A9-670E2893573C}.Debug|Any CPU.Build.0 = Debug|Any CPU
		{54A19BA8-3165-4F9D-93A9-670E2893573C}.Release|Any CPU.ActiveCfg = Release|Any CPU
		{54A19BA8-3165-4F9D-93A9-670E2893573C}.Release|Any CPU.Build.0 = Release|Any CPU
	EndGlobalSection
	GlobalSection(SolutionProperties) = preSolution
		HideSolutionNode = FALSE
	EndGlobalSection
	GlobalSection(ExtensibilityGlobals) = postSolution
		SolutionGuid = {075A0E0F-15A1-4CB1-8DF1-35D48CACF5B0}
	EndGlobalSection
EndGlobal
